
Microsoft Visual Studio Solution File, Format Version 12.00
# Visual Studio Version 17
VisualStudioVersion = 17.2.32616.157
MinimumVisualStudioVersion = 10.0.40219.1
Project("{FAE04EC0-301F-11D3-BF4B-00C04F79EFBC}") = "FactoryMethod", "СSharpPatterns\FactoryMethod.csproj", "{38A50CAC-8B9C-4E03-9D58-9D11BBB05A37}"
EndProject
Project("{FAE04EC0-301F-11D3-BF4B-00C04F79EFBC}") = "AbstractFactory", "Abstract Factory\AbstractFactory.csproj", "{ACFA4494-B707-4A86-BF22-10FCD8B05FE6}"
EndProject
Global
	GlobalSection(SolutionConfigurationPlatforms) = preSolution
		Debug|Any CPU = Debug|Any CPU
		Release|Any CPU = Release|Any CPU
	EndGlobalSection
	GlobalSection(ProjectConfigurationPlatforms) = postSolution
		{38A50CAC-8B9C-4E03-9D58-9D11BBB05A37}.Debug|Any CPU.ActiveCfg = Debug|Any CPU
		{38A50CAC-8B9C-4E03-9D58-9D11BBB05A37}.Debug|Any CPU.Build.0 = Debug|Any CPU
		{38A50CAC-8B9C-4E03-9D58-9D11BBB05A37}.Release|Any CPU.ActiveCfg = Release|Any CPU
		{38A50CAC-8B9C-4E03-9D58-9D11BBB05A37}.Release|Any CPU.Build.0 = Release|Any CPU
		{ACFA4494-B707-4A86-BF22-10FCD8B05FE6}.Debug|Any CPU.ActiveCfg = Debug|Any CPU
		{ACFA4494-B707-4A86-BF22-10FCD8B05FE6}.Debug|Any CPU.Build.0 = Debug|Any CPU
		{ACFA4494-B707-4A86-BF22-10FCD8B05FE6}.Release|Any CPU.ActiveCfg = Release|Any CPU
		{ACFA4494-B707-4A86-BF22-10FCD8B05FE6}.Release|Any CPU.Build.0 = Release|Any CPU
	EndGlobalSection
	GlobalSection(SolutionProperties) = preSolution
		HideSolutionNode = FALSE
	EndGlobalSection
	GlobalSection(ExtensibilityGlobals) = postSolution
		SolutionGuid = {1A820190-82B8-474E-90A8-00C2393E4A0C}
	EndGlobalSection
EndGlobal
